
Microsoft Visual Studio Solution File, Format Version 12.00
# Visual Studio Version 16
VisualStudioVersion = 16.0.35931.194
MinimumVisualStudioVersion = 10.0.40219.1
Project("{8BC9CEB8-8B4A-11D0-8D11-00A0C91BC942}") = "RockwellFTArchiveDirTesting", "RockwellFTArchiveDirTesting\RockwellFTArchiveDirTesting.vcxproj", "{1317E5ED-CA47-48F1-A989-ED664EC07C7B}"
EndProject
Project("{8BC9CEB8-8B4A-11D0-8D11-00A0C91BC942}") = "RockwellRsvCRCCreateSigniture", "RockwellRsvCRCCreateSigniture\RockwellRsvCRCCreateSigniture.vcxproj", "{A4EFC337-F2C8-4A8B-9C94-8759C5D1EB0E}"
EndProject
Project("{8BC9CEB8-8B4A-11D0-8D11-00A0C91BC942}") = "RockwellRsvCRCValidateSigniture", "RockwellRsvCRCValidateSigniture\RockwellRsvCRCValidateSigniture.vcxproj", "{6209AFE0-F3FF-4839-AA9A-90C9FE9126C9}"
EndProject
Project("{2150E333-8FDC-42A3-9474-1A3956D46DE8}") = "Solution Items", "Solution Items", "{3DED91E4-9FED-40C4-9C76-07911A754A19}"
	ProjectSection(SolutionItems) = preProject
		gitignore.txt = gitignore.txt
	EndProjectSection
EndProject
Global
	GlobalSection(SolutionConfigurationPlatforms) = preSolution
		Debug|x64 = Debug|x64
		Debug|x86 = Debug|x86
		Release|x64 = Release|x64
		Release|x86 = Release|x86
	EndGlobalSection
	GlobalSection(ProjectConfigurationPlatforms) = postSolution
		{1317E5ED-CA47-48F1-A989-ED664EC07C7B}.Debug|x64.ActiveCfg = Debug|x64
		{1317E5ED-CA47-48F1-A989-ED664EC07C7B}.Debug|x64.Build.0 = Debug|x64
		{1317E5ED-CA47-48F1-A989-ED664EC07C7B}.Debug|x86.ActiveCfg = Debug|Win32
		{1317E5ED-CA47-48F1-A989-ED664EC07C7B}.Debug|x86.Build.0 = Debug|Win32
		{1317E5ED-CA47-48F1-A989-ED664EC07C7B}.Release|x64.ActiveCfg = Release|x64
		{1317E5ED-CA47-48F1-A989-ED664EC07C7B}.Release|x64.Build.0 = Release|x64
		{1317E5ED-CA47-48F1-A989-ED664EC07C7B}.Release|x86.ActiveCfg = Release|Win32
		{1317E5ED-CA47-48F1-A989-ED664EC07C7B}.Release|x86.Build.0 = Release|Win32
		{A4EFC337-F2C8-4A8B-9C94-8759C5D1EB0E}.Debug|x64.ActiveCfg = Debug|x64
		{A4EFC337-F2C8-4A8B-9C94-8759C5D1EB0E}.Debug|x64.Build.0 = Debug|x64
		{A4EFC337-F2C8-4A8B-9C94-8759C5D1EB0E}.Debug|x86.ActiveCfg = Debug|Win32
		{A4EFC337-F2C8-4A8B-9C94-8759C5D1EB0E}.Debug|x86.Build.0 = Debug|Win32
		{A4EFC337-F2C8-4A8B-9C94-8759C5D1EB0E}.Release|x64.ActiveCfg = Release|x64
		{A4EFC337-F2C8-4A8B-9C94-8759C5D1EB0E}.Release|x64.Build.0 = Release|x64
		{A4EFC337-F2C8-4A8B-9C94-8759C5D1EB0E}.Release|x86.ActiveCfg = Release|Win32
		{A4EFC337-F2C8-4A8B-9C94-8759C5D1EB0E}.Release|x86.Build.0 = Release|Win32
		{6209AFE0-F3FF-4839-AA9A-90C9FE9126C9}.Debug|x64.ActiveCfg = Debug|x64
		{6209AFE0-F3FF-4839-AA9A-90C9FE9126C9}.Debug|x64.Build.0 = Debug|x64
		{6209AFE0-F3FF-4839-AA9A-90C9FE9126C9}.Debug|x86.ActiveCfg = Debug|Win32
		{6209AFE0-F3FF-4839-AA9A-90C9FE9126C9}.Debug|x86.Build.0 = Debug|Win32
		{6209AFE0-F3FF-4839-AA9A-90C9FE9126C9}.Release|x64.ActiveCfg = Release|x64
		{6209AFE0-F3FF-4839-AA9A-90C9FE9126C9}.Release|x64.Build.0 = Release|x64
		{6209AFE0-F3FF-4839-AA9A-90C9FE9126C9}.Release|x86.ActiveCfg = Release|Win32
		{6209AFE0-F3FF-4839-AA9A-90C9FE9126C9}.Release|x86.Build.0 = Release|Win32
	EndGlobalSection
	GlobalSection(SolutionProperties) = preSolution
		HideSolutionNode = FALSE
	EndGlobalSection
	GlobalSection(ExtensibilityGlobals) = postSolution
		SolutionGuid = {DAB07507-6331-430E-87AA-2DB068D698E2}
	EndGlobalSection
EndGlobal
